// !$*UTF8*$!
{
	archiveVersion = 1;
	classes = {
	};
	objectVersion = 55;
	objects = {

/* Begin PBXBuildFile section */
		900D1CE9281934C7007ABB12 /* IconChangerApp.swift in Sources */ = {isa = PBXBuildFile; fileRef = 900D1CE8281934C7007ABB12 /* IconChangerApp.swift */; };
		900D1CEB281934C7007ABB12 /* ContentView.swift in Sources */ = {isa = PBXBuildFile; fileRef = 900D1CEA281934C7007ABB12 /* ContentView.swift */; };
		900D1CED281934C8007ABB12 /* Assets.xcassets in Resources */ = {isa = PBXBuildFile; fileRef = 900D1CEC281934C8007ABB12 /* Assets.xcassets */; };
		900D1CF0281934C8007ABB12 /* Preview Assets.xcassets in Resources */ = {isa = PBXBuildFile; fileRef = 900D1CEF281934C8007ABB12 /* Preview Assets.xcassets */; };
		900D1CF8281936C7007ABB12 /* FullDiskPermision.swift in Sources */ = {isa = PBXBuildFile; fileRef = 900D1CF7281936C7007ABB12 /* FullDiskPermision.swift */; };
		900D1CFA281938D6007ABB12 /* IconList.swift in Sources */ = {isa = PBXBuildFile; fileRef = 900D1CF9281938D6007ABB12 /* IconList.swift */; };
		9017B5F8294DBBA9005709C6 /* Sparkle in Frameworks */ = {isa = PBXBuildFile; productRef = 9017B5F7294DBBA9005709C6 /* Sparkle */; };
		9017B5FA294ED626005709C6 /* IconRes.swift in Sources */ = {isa = PBXBuildFile; fileRef = 9017B5F9294ED626005709C6 /* IconRes.swift */; };
		9017B5FC294EDAB4005709C6 /* LocalImageView.swift in Sources */ = {isa = PBXBuildFile; fileRef = 9017B5FB294EDAB4005709C6 /* LocalImageView.swift */; };
		9053434F286B2A6800237F98 /* AutoUpdater.swift in Sources */ = {isa = PBXBuildFile; fileRef = 9053434E286B2A6800237F98 /* AutoUpdater.swift */; };
		90534352286C8BDA00237F98 /* fileicon in Resources */ = {isa = PBXBuildFile; fileRef = 90534351286C8BDA00237F98 /* fileicon */; };
		9053438B287550C200237F98 /* helper.sh in Resources */ = {isa = PBXBuildFile; fileRef = 9053438A287534C300237F98 /* helper.sh */; };
		9083CCE92867FDBD0093A1B2 /* SwiftyJSON in Frameworks */ = {isa = PBXBuildFile; productRef = 9083CCE82867FDBD0093A1B2 /* SwiftyJSON */; };
		9083CCEC2867FDDD0093A1B2 /* LaunchPadManagerDBHelper in Frameworks */ = {isa = PBXBuildFile; productRef = 9083CCEB2867FDDD0093A1B2 /* LaunchPadManagerDBHelper */; };
		9083CCEE28680BE20093A1B2 /* URL+Universal.swift in Sources */ = {isa = PBXBuildFile; fileRef = 9083CCED28680BE20093A1B2 /* URL+Universal.swift */; };
		908A78FB2819640800951B15 /* IconManager.swift in Sources */ = {isa = PBXBuildFile; fileRef = 908A78FA2819640800951B15 /* IconManager.swift */; };
		908A79022819753E00951B15 /* String+RangeSubscript.swift in Sources */ = {isa = PBXBuildFile; fileRef = 908A79012819753E00951B15 /* String+RangeSubscript.swift */; };
		908A79092819840D00951B15 /* ChangeView.swift in Sources */ = {isa = PBXBuildFile; fileRef = 908A79082819840D00951B15 /* ChangeView.swift */; };
		908A790B281A128700951B15 /* Request.swift in Sources */ = {isa = PBXBuildFile; fileRef = 908A790A281A128700951B15 /* Request.swift */; };
		908A790D281A148000951B15 /* ImageView.swift in Sources */ = {isa = PBXBuildFile; fileRef = 908A790C281A148000951B15 /* ImageView.swift */; };
		908A7927281A5A4A00951B15 /* README.md in Resources */ = {isa = PBXBuildFile; fileRef = 908A7926281A5A4A00951B15 /* README.md */; };
		908A792A281A5AE800951B15 /* Github-Iconchanger.png in Resources */ = {isa = PBXBuildFile; fileRef = 908A7929281A5AE800951B15 /* Github-Iconchanger.png */; };
		908A792C281A759A00951B15 /* SettingView.swift in Sources */ = {isa = PBXBuildFile; fileRef = 908A792B281A759A00951B15 /* SettingView.swift */; };
		908A792E281A771800951B15 /* Api.png in Resources */ = {isa = PBXBuildFile; fileRef = 908A792D281A771800951B15 /* Api.png */; };
		90B57B8028695BDF00EE52D3 /* AliasName.swift in Sources */ = {isa = PBXBuildFile; fileRef = 90B57B7F28695BDF00EE52D3 /* AliasName.swift */; };
		90B57B8228697BEF00EE52D3 /* SetAliasNameView.swift in Sources */ = {isa = PBXBuildFile; fileRef = 90B57B8128697BEF00EE52D3 /* SetAliasNameView.swift */; };
		90B57C1B286AA2B400EE52D3 /* URL+Document.swift in Sources */ = {isa = PBXBuildFile; fileRef = 90B57C1A286AA2B400EE52D3 /* URL+Document.swift */; };
		90B57C1D286AA2F800EE52D3 /* Config.swift in Sources */ = {isa = PBXBuildFile; fileRef = 90B57C1C286AA2F800EE52D3 /* Config.swift */; };
		90B57C20286AB90700EE52D3 /* installHelper.sh in Resources */ = {isa = PBXBuildFile; fileRef = 90B57C1F286AB90700EE52D3 /* installHelper.sh */; };
/* End PBXBuildFile section */

/* Begin PBXFileReference section */
		900D1CE5281934C7007ABB12 /* IconChanger.app */ = {isa = PBXFileReference; explicitFileType = wrapper.application; includeInIndex = 0; path = IconChanger.app; sourceTree = BUILT_PRODUCTS_DIR; };
		900D1CE8281934C7007ABB12 /* IconChangerApp.swift */ = {isa = PBXFileReference; lastKnownFileType = sourcecode.swift; path = IconChangerApp.swift; sourceTree = "<group>"; };
		900D1CEA281934C7007ABB12 /* ContentView.swift */ = {isa = PBXFileReference; lastKnownFileType = sourcecode.swift; path = ContentView.swift; sourceTree = "<group>"; };
		900D1CEC281934C8007ABB12 /* Assets.xcassets */ = {isa = PBXFileReference; lastKnownFileType = folder.assetcatalog; path = Assets.xcassets; sourceTree = "<group>"; };
		900D1CEF281934C8007ABB12 /* Preview Assets.xcassets */ = {isa = PBXFileReference; lastKnownFileType = folder.assetcatalog; path = "Preview Assets.xcassets"; sourceTree = "<group>"; };
		900D1CF7281936C7007ABB12 /* FullDiskPermision.swift */ = {isa = PBXFileReference; lastKnownFileType = sourcecode.swift; path = FullDiskPermision.swift; sourceTree = "<group>"; };
		900D1CF9281938D6007ABB12 /* IconList.swift */ = {isa = PBXFileReference; lastKnownFileType = sourcecode.swift; path = IconList.swift; sourceTree = "<group>"; };
		9017B5F9294ED626005709C6 /* IconRes.swift */ = {isa = PBXFileReference; lastKnownFileType = sourcecode.swift; path = IconRes.swift; sourceTree = "<group>"; };
		9017B5FB294EDAB4005709C6 /* LocalImageView.swift */ = {isa = PBXFileReference; lastKnownFileType = sourcecode.swift; path = LocalImageView.swift; sourceTree = "<group>"; };
		9053434D286B2A2900237F98 /* Info.plist */ = {isa = PBXFileReference; lastKnownFileType = text.plist; path = Info.plist; sourceTree = "<group>"; };
		9053434E286B2A6800237F98 /* AutoUpdater.swift */ = {isa = PBXFileReference; fileEncoding = 4; lastKnownFileType = sourcecode.swift; path = AutoUpdater.swift; sourceTree = "<group>"; };
		90534350286B441900237F98 /* sparkle.xml */ = {isa = PBXFileReference; lastKnownFileType = text.xml; path = sparkle.xml; sourceTree = "<group>"; };
		90534351286C8BDA00237F98 /* fileicon */ = {isa = PBXFileReference; fileEncoding = 4; lastKnownFileType = text; path = fileicon; sourceTree = "<group>"; };
		9053438A287534C300237F98 /* helper.sh */ = {isa = PBXFileReference; lastKnownFileType = text.script.sh; path = helper.sh; sourceTree = "<group>"; };
		9083CCED28680BE20093A1B2 /* URL+Universal.swift */ = {isa = PBXFileReference; lastKnownFileType = sourcecode.swift; path = "URL+Universal.swift"; sourceTree = "<group>"; };
		908A78FA2819640800951B15 /* IconManager.swift */ = {isa = PBXFileReference; lastKnownFileType = sourcecode.swift; path = IconManager.swift; sourceTree = "<group>"; };
		908A79012819753E00951B15 /* String+RangeSubscript.swift */ = {isa = PBXFileReference; fileEncoding = 4; lastKnownFileType = sourcecode.swift; path = "String+RangeSubscript.swift"; sourceTree = "<group>"; };
		908A79082819840D00951B15 /* ChangeView.swift */ = {isa = PBXFileReference; lastKnownFileType = sourcecode.swift; path = ChangeView.swift; sourceTree = "<group>"; };
		908A790A281A128700951B15 /* Request.swift */ = {isa = PBXFileReference; lastKnownFileType = sourcecode.swift; path = Request.swift; sourceTree = "<group>"; };
		908A790C281A148000951B15 /* ImageView.swift */ = {isa = PBXFileReference; lastKnownFileType = sourcecode.swift; path = ImageView.swift; sourceTree = "<group>"; };
		908A7926281A5A4A00951B15 /* README.md */ = {isa = PBXFileReference; lastKnownFileType = net.daringfireball.markdown; path = README.md; sourceTree = "<group>"; };
		908A7929281A5AE800951B15 /* Github-Iconchanger.png */ = {isa = PBXFileReference; lastKnownFileType = image.png; path = "Github-Iconchanger.png"; sourceTree = "<group>"; };
		908A792B281A759A00951B15 /* SettingView.swift */ = {isa = PBXFileReference; lastKnownFileType = sourcecode.swift; path = SettingView.swift; sourceTree = "<group>"; };
		908A792D281A771800951B15 /* Api.png */ = {isa = PBXFileReference; lastKnownFileType = image.png; path = Api.png; sourceTree = "<group>"; };
		90B57B7F28695BDF00EE52D3 /* AliasName.swift */ = {isa = PBXFileReference; lastKnownFileType = sourcecode.swift; path = AliasName.swift; sourceTree = "<group>"; };
		90B57B8128697BEF00EE52D3 /* SetAliasNameView.swift */ = {isa = PBXFileReference; lastKnownFileType = sourcecode.swift; path = SetAliasNameView.swift; sourceTree = "<group>"; };
		90B57C1A286AA2B400EE52D3 /* URL+Document.swift */ = {isa = PBXFileReference; lastKnownFileType = sourcecode.swift; path = "URL+Document.swift"; sourceTree = "<group>"; };
		90B57C1C286AA2F800EE52D3 /* Config.swift */ = {isa = PBXFileReference; lastKnownFileType = sourcecode.swift; path = Config.swift; sourceTree = "<group>"; };
		90B57C1E286AA62300EE52D3 /* IconChanger.entitlements */ = {isa = PBXFileReference; lastKnownFileType = text.plist.entitlements; path = IconChanger.entitlements; sourceTree = "<group>"; };
		90B57C1F286AB90700EE52D3 /* installHelper.sh */ = {isa = PBXFileReference; lastKnownFileType = text.script.sh; path = installHelper.sh; sourceTree = "<group>"; };
		90B57C21286ACBA700EE52D3 /* StringTest.playground */ = {isa = PBXFileReference; lastKnownFileType = file.playground; path = StringTest.playground; sourceTree = "<group>"; xcLanguageSpecificationIdentifier = xcode.lang.swift; };
/* End PBXFileReference section */

/* Begin PBXFrameworksBuildPhase section */
		900D1CE2281934C7007ABB12 /* Frameworks */ = {
			isa = PBXFrameworksBuildPhase;
			buildActionMask = 2147483647;
			files = (
				9017B5F8294DBBA9005709C6 /* Sparkle in Frameworks */,
				9083CCE92867FDBD0093A1B2 /* SwiftyJSON in Frameworks */,
				9083CCEC2867FDDD0093A1B2 /* LaunchPadManagerDBHelper in Frameworks */,
			);
			runOnlyForDeploymentPostprocessing = 0;
		};
/* End PBXFrameworksBuildPhase section */

/* Begin PBXGroup section */
		900D1CDC281934C7007ABB12 = {
			isa = PBXGroup;
			children = (
				908A7928281A5AE200951B15 /* Github */,
				908A7926281A5A4A00951B15 /* README.md */,
				900D1CE7281934C7007ABB12 /* IconChanger */,
				900D1CE6281934C7007ABB12 /* Products */,
			);
			sourceTree = "<group>";
		};
		900D1CE6281934C7007ABB12 /* Products */ = {
			isa = PBXGroup;
			children = (
				900D1CE5281934C7007ABB12 /* IconChanger.app */,
			);
			name = Products;
			sourceTree = "<group>";
		};
		900D1CE7281934C7007ABB12 /* IconChanger */ = {
			isa = PBXGroup;
			children = (
				9053434E286B2A6800237F98 /* AutoUpdater.swift */,
				9053434D286B2A2900237F98 /* Info.plist */,
				90B57C1E286AA62300EE52D3 /* IconChanger.entitlements */,
				908A790C281A148000951B15 /* ImageView.swift */,
				908A79012819753E00951B15 /* String+RangeSubscript.swift */,
				900D1CE8281934C7007ABB12 /* IconChangerApp.swift */,
				900D1CEA281934C7007ABB12 /* ContentView.swift */,
				900D1CEC281934C8007ABB12 /* Assets.xcassets */,
				900D1CEE281934C8007ABB12 /* Preview Content */,
				900D1CF7281936C7007ABB12 /* FullDiskPermision.swift */,
				900D1CF9281938D6007ABB12 /* IconList.swift */,
				908A78FA2819640800951B15 /* IconManager.swift */,
				908A79082819840D00951B15 /* ChangeView.swift */,
				908A790A281A128700951B15 /* Request.swift */,
				908A792B281A759A00951B15 /* SettingView.swift */,
				9083CCED28680BE20093A1B2 /* URL+Universal.swift */,
				90B57B7F28695BDF00EE52D3 /* AliasName.swift */,
				90B57B8128697BEF00EE52D3 /* SetAliasNameView.swift */,
				90B57C1A286AA2B400EE52D3 /* URL+Document.swift */,
				90B57C1C286AA2F800EE52D3 /* Config.swift */,
				90534351286C8BDA00237F98 /* fileicon */,
				90B57C1F286AB90700EE52D3 /* installHelper.sh */,
				90B57C21286ACBA700EE52D3 /* StringTest.playground */,
				90534350286B441900237F98 /* sparkle.xml */,
				9053438A287534C300237F98 /* helper.sh */,
				9017B5F9294ED626005709C6 /* IconRes.swift */,
				9017B5FB294EDAB4005709C6 /* LocalImageView.swift */,
			);
			path = IconChanger;
			sourceTree = "<group>";
		};
		900D1CEE281934C8007ABB12 /* Preview Content */ = {
			isa = PBXGroup;
			children = (
				900D1CEF281934C8007ABB12 /* Preview Assets.xcassets */,
			);
			path = "Preview Content";
			sourceTree = "<group>";
		};
		908A7928281A5AE200951B15 /* Github */ = {
			isa = PBXGroup;
			children = (
				908A792D281A771800951B15 /* Api.png */,
				908A7929281A5AE800951B15 /* Github-Iconchanger.png */,
			);
			path = Github;
			sourceTree = "<group>";
		};
/* End PBXGroup section */

/* Begin PBXNativeTarget section */
		900D1CE4281934C7007ABB12 /* IconChanger */ = {
			isa = PBXNativeTarget;
			buildConfigurationList = 900D1CF4281934C8007ABB12 /* Build configuration list for PBXNativeTarget "IconChanger" */;
			buildPhases = (
				900D1CE1281934C7007ABB12 /* Sources */,
				900D1CE2281934C7007ABB12 /* Frameworks */,
				900D1CE3281934C7007ABB12 /* Resources */,
			);
			buildRules = (
			);
			dependencies = (
			);
			name = IconChanger;
			packageProductDependencies = (
				9083CCE82867FDBD0093A1B2 /* SwiftyJSON */,
				9083CCEB2867FDDD0093A1B2 /* LaunchPadManagerDBHelper */,
				9017B5F7294DBBA9005709C6 /* Sparkle */,
			);
			productName = IconChanger;
			productReference = 900D1CE5281934C7007ABB12 /* IconChanger.app */;
			productType = "com.apple.product-type.application";
		};
/* End PBXNativeTarget section */

/* Begin PBXProject section */
		900D1CDD281934C7007ABB12 /* Project object */ = {
			isa = PBXProject;
			attributes = {
				BuildIndependentTargetsInParallel = 1;
				LastSwiftUpdateCheck = 1400;
				LastUpgradeCheck = 1400;
				TargetAttributes = {
					900D1CE4281934C7007ABB12 = {
						CreatedOnToolsVersion = 13.3.1;
					};
				};
			};
			buildConfigurationList = 900D1CE0281934C7007ABB12 /* Build configuration list for PBXProject "IconChanger" */;
			compatibilityVersion = "Xcode 13.0";
			developmentRegion = en;
			hasScannedForEncodings = 0;
			knownRegions = (
				en,
				Base,
			);
			mainGroup = 900D1CDC281934C7007ABB12;
			packageReferences = (
				9083CCE72867FDBD0093A1B2 /* XCRemoteSwiftPackageReference "SwiftyJSON" */,
				9083CCEA2867FDDD0093A1B2 /* XCRemoteSwiftPackageReference "LaunchPadManagerDBHelper" */,
				9017B5F6294DBBA9005709C6 /* XCRemoteSwiftPackageReference "Sparkle" */,
			);
			productRefGroup = 900D1CE6281934C7007ABB12 /* Products */;
			projectDirPath = "";
			projectRoot = "";
			targets = (
				900D1CE4281934C7007ABB12 /* IconChanger */,
			);
		};
/* End PBXProject section */

/* Begin PBXResourcesBuildPhase section */
		900D1CE3281934C7007ABB12 /* Resources */ = {
			isa = PBXResourcesBuildPhase;
			buildActionMask = 2147483647;
			files = (
				908A792A281A5AE800951B15 /* Github-Iconchanger.png in Resources */,
				90534352286C8BDA00237F98 /* fileicon in Resources */,
				9053438B287550C200237F98 /* helper.sh in Resources */,
				90B57C20286AB90700EE52D3 /* installHelper.sh in Resources */,
				900D1CF0281934C8007ABB12 /* Preview Assets.xcassets in Resources */,
				908A7927281A5A4A00951B15 /* README.md in Resources */,
				908A792E281A771800951B15 /* Api.png in Resources */,
				900D1CED281934C8007ABB12 /* Assets.xcassets in Resources */,
			);
			runOnlyForDeploymentPostprocessing = 0;
		};
/* End PBXResourcesBuildPhase section */

/* Begin PBXSourcesBuildPhase section */
		900D1CE1281934C7007ABB12 /* Sources */ = {
			isa = PBXSourcesBuildPhase;
			buildActionMask = 2147483647;
			files = (
				90B57C1B286AA2B400EE52D3 /* URL+Document.swift in Sources */,
				9083CCEE28680BE20093A1B2 /* URL+Universal.swift in Sources */,
				90B57C1D286AA2F800EE52D3 /* Config.swift in Sources */,
				900D1CEB281934C7007ABB12 /* ContentView.swift in Sources */,
				908A792C281A759A00951B15 /* SettingView.swift in Sources */,
				908A790B281A128700951B15 /* Request.swift in Sources */,
				9017B5FA294ED626005709C6 /* IconRes.swift in Sources */,
				908A78FB2819640800951B15 /* IconManager.swift in Sources */,
				9017B5FC294EDAB4005709C6 /* LocalImageView.swift in Sources */,
				90B57B8028695BDF00EE52D3 /* AliasName.swift in Sources */,
				900D1CE9281934C7007ABB12 /* IconChangerApp.swift in Sources */,
				900D1CFA281938D6007ABB12 /* IconList.swift in Sources */,
				9053434F286B2A6800237F98 /* AutoUpdater.swift in Sources */,
				908A79022819753E00951B15 /* String+RangeSubscript.swift in Sources */,
				908A790D281A148000951B15 /* ImageView.swift in Sources */,
				90B57B8228697BEF00EE52D3 /* SetAliasNameView.swift in Sources */,
				900D1CF8281936C7007ABB12 /* FullDiskPermision.swift in Sources */,
				908A79092819840D00951B15 /* ChangeView.swift in Sources */,
			);
			runOnlyForDeploymentPostprocessing = 0;
		};
/* End PBXSourcesBuildPhase section */

/* Begin XCBuildConfiguration section */
		900D1CF2281934C8007ABB12 /* Debug */ = {
			isa = XCBuildConfiguration;
			buildSettings = {
				ALWAYS_SEARCH_USER_PATHS = NO;
				CLANG_ANALYZER_NONNULL = YES;
				CLANG_ANALYZER_NUMBER_OBJECT_CONVERSION = YES_AGGRESSIVE;
				CLANG_CXX_LANGUAGE_STANDARD = "gnu++17";
				CLANG_ENABLE_MODULES = YES;
				CLANG_ENABLE_OBJC_ARC = YES;
				CLANG_ENABLE_OBJC_WEAK = YES;
				CLANG_WARN_BLOCK_CAPTURE_AUTORELEASING = YES;
				CLANG_WARN_BOOL_CONVERSION = YES;
				CLANG_WARN_COMMA = YES;
				CLANG_WARN_CONSTANT_CONVERSION = YES;
				CLANG_WARN_DEPRECATED_OBJC_IMPLEMENTATIONS = YES;
				CLANG_WARN_DIRECT_OBJC_ISA_USAGE = YES_ERROR;
				CLANG_WARN_DOCUMENTATION_COMMENTS = YES;
				CLANG_WARN_EMPTY_BODY = YES;
				CLANG_WARN_ENUM_CONVERSION = YES;
				CLANG_WARN_INFINITE_RECURSION = YES;
				CLANG_WARN_INT_CONVERSION = YES;
				CLANG_WARN_NON_LITERAL_NULL_CONVERSION = YES;
				CLANG_WARN_OBJC_IMPLICIT_RETAIN_SELF = YES;
				CLANG_WARN_OBJC_LITERAL_CONVERSION = YES;
				CLANG_WARN_OBJC_ROOT_CLASS = YES_ERROR;
				CLANG_WARN_QUOTED_INCLUDE_IN_FRAMEWORK_HEADER = YES;
				CLANG_WARN_RANGE_LOOP_ANALYSIS = YES;
				CLANG_WARN_STRICT_PROTOTYPES = YES;
				CLANG_WARN_SUSPICIOUS_MOVE = YES;
				CLANG_WARN_UNGUARDED_AVAILABILITY = YES_AGGRESSIVE;
				CLANG_WARN_UNREACHABLE_CODE = YES;
				CLANG_WARN__DUPLICATE_METHOD_MATCH = YES;
				COPY_PHASE_STRIP = NO;
				DEAD_CODE_STRIPPING = YES;
				DEBUG_INFORMATION_FORMAT = dwarf;
				ENABLE_STRICT_OBJC_MSGSEND = YES;
				ENABLE_TESTABILITY = YES;
				GCC_C_LANGUAGE_STANDARD = gnu11;
				GCC_DYNAMIC_NO_PIC = NO;
				GCC_NO_COMMON_BLOCKS = YES;
				GCC_OPTIMIZATION_LEVEL = 0;
				GCC_PREPROCESSOR_DEFINITIONS = (
					"DEBUG=1",
					"$(inherited)",
				);
				GCC_WARN_64_TO_32_BIT_CONVERSION = YES;
				GCC_WARN_ABOUT_RETURN_TYPE = YES_ERROR;
				GCC_WARN_UNDECLARED_SELECTOR = YES;
				GCC_WARN_UNINITIALIZED_AUTOS = YES_AGGRESSIVE;
				GCC_WARN_UNUSED_FUNCTION = YES;
				GCC_WARN_UNUSED_VARIABLE = YES;
				MACOSX_DEPLOYMENT_TARGET = 12.3;
				MTL_ENABLE_DEBUG_INFO = INCLUDE_SOURCE;
				MTL_FAST_MATH = YES;
				ONLY_ACTIVE_ARCH = YES;
				SDKROOT = macosx;
				SWIFT_ACTIVE_COMPILATION_CONDITIONS = DEBUG;
				SWIFT_OPTIMIZATION_LEVEL = "-Onone";
			};
			name = Debug;
		};
		900D1CF3281934C8007ABB12 /* Release */ = {
			isa = XCBuildConfiguration;
			buildSettings = {
				ALWAYS_SEARCH_USER_PATHS = NO;
				CLANG_ANALYZER_NONNULL = YES;
				CLANG_ANALYZER_NUMBER_OBJECT_CONVERSION = YES_AGGRESSIVE;
				CLANG_CXX_LANGUAGE_STANDARD = "gnu++17";
				CLANG_ENABLE_MODULES = YES;
				CLANG_ENABLE_OBJC_ARC = YES;
				CLANG_ENABLE_OBJC_WEAK = YES;
				CLANG_WARN_BLOCK_CAPTURE_AUTORELEASING = YES;
				CLANG_WARN_BOOL_CONVERSION = YES;
				CLANG_WARN_COMMA = YES;
				CLANG_WARN_CONSTANT_CONVERSION = YES;
				CLANG_WARN_DEPRECATED_OBJC_IMPLEMENTATIONS = YES;
				CLANG_WARN_DIRECT_OBJC_ISA_USAGE = YES_ERROR;
				CLANG_WARN_DOCUMENTATION_COMMENTS = YES;
				CLANG_WARN_EMPTY_BODY = YES;
				CLANG_WARN_ENUM_CONVERSION = YES;
				CLANG_WARN_INFINITE_RECURSION = YES;
				CLANG_WARN_INT_CONVERSION = YES;
				CLANG_WARN_NON_LITERAL_NULL_CONVERSION = YES;
				CLANG_WARN_OBJC_IMPLICIT_RETAIN_SELF = YES;
				CLANG_WARN_OBJC_LITERAL_CONVERSION = YES;
				CLANG_WARN_OBJC_ROOT_CLASS = YES_ERROR;
				CLANG_WARN_QUOTED_INCLUDE_IN_FRAMEWORK_HEADER = YES;
				CLANG_WARN_RANGE_LOOP_ANALYSIS = YES;
				CLANG_WARN_STRICT_PROTOTYPES = YES;
				CLANG_WARN_SUSPICIOUS_MOVE = YES;
				CLANG_WARN_UNGUARDED_AVAILABILITY = YES_AGGRESSIVE;
				CLANG_WARN_UNREACHABLE_CODE = YES;
				CLANG_WARN__DUPLICATE_METHOD_MATCH = YES;
				COPY_PHASE_STRIP = NO;
				DEAD_CODE_STRIPPING = YES;
				DEBUG_INFORMATION_FORMAT = "dwarf-with-dsym";
				ENABLE_NS_ASSERTIONS = NO;
				ENABLE_STRICT_OBJC_MSGSEND = YES;
				GCC_C_LANGUAGE_STANDARD = gnu11;
				GCC_NO_COMMON_BLOCKS = YES;
				GCC_WARN_64_TO_32_BIT_CONVERSION = YES;
				GCC_WARN_ABOUT_RETURN_TYPE = YES_ERROR;
				GCC_WARN_UNDECLARED_SELECTOR = YES;
				GCC_WARN_UNINITIALIZED_AUTOS = YES_AGGRESSIVE;
				GCC_WARN_UNUSED_FUNCTION = YES;
				GCC_WARN_UNUSED_VARIABLE = YES;
				MACOSX_DEPLOYMENT_TARGET = 12.3;
				MTL_ENABLE_DEBUG_INFO = NO;
				MTL_FAST_MATH = YES;
				SDKROOT = macosx;
				SWIFT_COMPILATION_MODE = wholemodule;
				SWIFT_OPTIMIZATION_LEVEL = "-O";
			};
			name = Release;
		};
		900D1CF5281934C8007ABB12 /* Debug */ = {
			isa = XCBuildConfiguration;
			buildSettings = {
				ASSETCATALOG_COMPILER_APPICON_NAME = AppIcon;
				ASSETCATALOG_COMPILER_GLOBAL_ACCENT_COLOR_NAME = AccentColor;
				CODE_SIGN_ENTITLEMENTS = IconChanger/IconChanger.entitlements;
				CODE_SIGN_IDENTITY = "Apple Development";
				CODE_SIGN_STYLE = Automatic;
				COMBINE_HIDPI_IMAGES = YES;
				CURRENT_PROJECT_VERSION = 14;
				DEAD_CODE_STRIPPING = YES;
				DEVELOPMENT_ASSET_PATHS = "\"IconChanger/Preview Content\"";
				DEVELOPMENT_TEAM = 44BN78992X;
				ENABLE_HARDENED_RUNTIME = YES;
				ENABLE_PREVIEWS = YES;
				GENERATE_INFOPLIST_FILE = YES;
				INFOPLIST_FILE = IconChanger/Info.plist;
				INFOPLIST_KEY_LSApplicationCategoryType = "public.app-category.photography";
				INFOPLIST_KEY_NSHumanReadableCopyright = "";
				LD_RUNPATH_SEARCH_PATHS = (
					"$(inherited)",
					"@executable_path/../Frameworks",
				);
				MACOSX_DEPLOYMENT_TARGET = 12.3;
				MARKETING_VERSION = 1.3.0;
				PRODUCT_BUNDLE_IDENTIFIER = com.zhuhaoyu.IconChanger;
				PRODUCT_NAME = "$(TARGET_NAME)";
				PROVISIONING_PROFILE_SPECIFIER = "";
				SWIFT_EMIT_LOC_STRINGS = YES;
				SWIFT_VERSION = 5.0;
			};
			name = Debug;
		};
		900D1CF6281934C8007ABB12 /* Release */ = {
			isa = XCBuildConfiguration;
			buildSettings = {
				ASSETCATALOG_COMPILER_APPICON_NAME = AppIcon;
				ASSETCATALOG_COMPILER_GLOBAL_ACCENT_COLOR_NAME = AccentColor;
				CODE_SIGN_ENTITLEMENTS = IconChanger/IconChanger.entitlements;
				CODE_SIGN_IDENTITY = "Apple Development";
				CODE_SIGN_STYLE = Automatic;
				COMBINE_HIDPI_IMAGES = YES;
				CURRENT_PROJECT_VERSION = 14;
				DEAD_CODE_STRIPPING = YES;
				DEVELOPMENT_ASSET_PATHS = "\"IconChanger/Preview Content\"";
				DEVELOPMENT_TEAM = 44BN78992X;
				ENABLE_HARDENED_RUNTIME = YES;
				ENABLE_PREVIEWS = YES;
				GENERATE_INFOPLIST_FILE = YES;
				INFOPLIST_FILE = IconChanger/Info.plist;
				INFOPLIST_KEY_LSApplicationCategoryType = "public.app-category.photography";
				INFOPLIST_KEY_NSHumanReadableCopyright = "";
				LD_RUNPATH_SEARCH_PATHS = (
					"$(inherited)",
					"@executable_path/../Frameworks",
				);
				MACOSX_DEPLOYMENT_TARGET = 12.3;
				MARKETING_VERSION = 1.3.0;
				PRODUCT_BUNDLE_IDENTIFIER = com.zhuhaoyu.IconChanger;
				PRODUCT_NAME = "$(TARGET_NAME)";
				PROVISIONING_PROFILE_SPECIFIER = "";
				SWIFT_EMIT_LOC_STRINGS = YES;
				SWIFT_VERSION = 5.0;
			};
			name = Release;
		};
/* End XCBuildConfiguration section */

/* Begin XCConfigurationList section */
		900D1CE0281934C7007ABB12 /* Build configuration list for PBXProject "IconChanger" */ = {
			isa = XCConfigurationList;
			buildConfigurations = (
				900D1CF2281934C8007ABB12 /* Debug */,
				900D1CF3281934C8007ABB12 /* Release */,
			);
			defaultConfigurationIsVisible = 0;
			defaultConfigurationName = Release;
		};
		900D1CF4281934C8007ABB12 /* Build configuration list for PBXNativeTarget "IconChanger" */ = {
			isa = XCConfigurationList;
			buildConfigurations = (
				900D1CF5281934C8007ABB12 /* Debug */,
				900D1CF6281934C8007ABB12 /* Release */,
			);
			defaultConfigurationIsVisible = 0;
			defaultConfigurationName = Release;
		};
/* End XCConfigurationList section */

/* Begin XCRemoteSwiftPackageReference section */
		9017B5F6294DBBA9005709C6 /* XCRemoteSwiftPackageReference "Sparkle" */ = {
			isa = XCRemoteSwiftPackageReference;
			repositoryURL = "https://github.com/sparkle-project/Sparkle";
			requirement = {
				kind = upToNextMinorVersion;
				minimumVersion = 2.3.0;
			};
		};
		9083CCE72867FDBD0093A1B2 /* XCRemoteSwiftPackageReference "SwiftyJSON" */ = {
			isa = XCRemoteSwiftPackageReference;
			repositoryURL = "https://github.com/SwiftyJSON/SwiftyJSON";
			requirement = {
				branch = master;
				kind = branch;
			};
		};
		9083CCEA2867FDDD0093A1B2 /* XCRemoteSwiftPackageReference "LaunchPadManagerDBHelper" */ = {
			isa = XCRemoteSwiftPackageReference;
			repositoryURL = "https://github.com/underthestars-zhy/LaunchPadManagerDBHelper";
			requirement = {
				kind = upToNextMinorVersion;
				minimumVersion = 1.0.9;
			};
		};
/* End XCRemoteSwiftPackageReference section */

/* Begin XCSwiftPackageProductDependency section */
		9017B5F7294DBBA9005709C6 /* Sparkle */ = {
			isa = XCSwiftPackageProductDependency;
			package = 9017B5F6294DBBA9005709C6 /* XCRemoteSwiftPackageReference "Sparkle" */;
			productName = Sparkle;
		};
		9083CCE82867FDBD0093A1B2 /* SwiftyJSON */ = {
			isa = XCSwiftPackageProductDependency;
			package = 9083CCE72867FDBD0093A1B2 /* XCRemoteSwiftPackageReference "SwiftyJSON" */;
			productName = SwiftyJSON;
		};
		9083CCEB2867FDDD0093A1B2 /* LaunchPadManagerDBHelper */ = {
			isa = XCSwiftPackageProductDependency;
			package = 9083CCEA2867FDDD0093A1B2 /* XCRemoteSwiftPackageReference "LaunchPadManagerDBHelper" */;
			productName = LaunchPadManagerDBHelper;
		};
/* End XCSwiftPackageProductDependency section */
	};
	rootObject = 900D1CDD281934C7007ABB12 /* Project object */;
}
