// !$*UTF8*$!
{
	archiveVersion = 1;
	classes = {
	};
	objectVersion = 55;
	objects = {

/* Begin PBXBuildFile section */
		900D1CE9281934C7007ABB12 /* IconChangerApp.swift in Sources */ = {isa = PBXBuildFile; fileRef = 900D1CE8281934C7007ABB12 /* IconChangerApp.swift */; };
		900D1CEB281934C7007ABB12 /* ContentView.swift in Sources */ = {isa = PBXBuildFile; fileRef = 900D1CEA281934C7007ABB12 /* ContentView.swift */; };
		900D1CED281934C8007ABB12 /* Assets.xcassets in Resources */ = {isa = PBXBuildFile; fileRef = 900D1CEC281934C8007ABB12 /* Assets.xcassets */; };
		900D1CF0281934C8007ABB12 /* Preview Assets.xcassets in Resources */ = {isa = PBXBuildFile; fileRef = 900D1CEF281934C8007ABB12 /* Preview Assets.xcassets */; };
		900D1CF8281936C7007ABB12 /* FullDiskPermision.swift in Sources */ = {isa = PBXBuildFile; fileRef = 900D1CF7281936C7007ABB12 /* FullDiskPermision.swift */; };
		900D1CFA281938D6007ABB12 /* IconList.swift in Sources */ = {isa = PBXBuildFile; fileRef = 900D1CF9281938D6007ABB12 /* IconList.swift */; };
		907A1010281A78C400FFFA0B /* SwiftyJSON in Frameworks */ = {isa = PBXBuildFile; productRef = 907A100F281A78C400FFFA0B /* SwiftyJSON */; };
		908A78FB2819640800951B15 /* IconManager.swift in Sources */ = {isa = PBXBuildFile; fileRef = 908A78FA2819640800951B15 /* IconManager.swift */; };
		908A79022819753E00951B15 /* String+RangeSubscript.swift in Sources */ = {isa = PBXBuildFile; fileRef = 908A79012819753E00951B15 /* String+RangeSubscript.swift */; };
		908A79072819839F00951B15 /* icons.json in Resources */ = {isa = PBXBuildFile; fileRef = 908A79062819839F00951B15 /* icons.json */; };
		908A79092819840D00951B15 /* ChangeView.swift in Sources */ = {isa = PBXBuildFile; fileRef = 908A79082819840D00951B15 /* ChangeView.swift */; };
		908A790B281A128700951B15 /* Request.swift in Sources */ = {isa = PBXBuildFile; fileRef = 908A790A281A128700951B15 /* Request.swift */; };
		908A790D281A148000951B15 /* ImageView.swift in Sources */ = {isa = PBXBuildFile; fileRef = 908A790C281A148000951B15 /* ImageView.swift */; };
		908A7927281A5A4A00951B15 /* README.md in Resources */ = {isa = PBXBuildFile; fileRef = 908A7926281A5A4A00951B15 /* README.md */; };
		908A792A281A5AE800951B15 /* Github-Iconchanger.png in Resources */ = {isa = PBXBuildFile; fileRef = 908A7929281A5AE800951B15 /* Github-Iconchanger.png */; };
		908A792C281A759A00951B15 /* SettingView.swift in Sources */ = {isa = PBXBuildFile; fileRef = 908A792B281A759A00951B15 /* SettingView.swift */; };
		908A792E281A771800951B15 /* Api.png in Resources */ = {isa = PBXBuildFile; fileRef = 908A792D281A771800951B15 /* Api.png */; };
/* End PBXBuildFile section */

/* Begin PBXFileReference section */
		900D1CE5281934C7007ABB12 /* IconChanger.app */ = {isa = PBXFileReference; explicitFileType = wrapper.application; includeInIndex = 0; path = IconChanger.app; sourceTree = BUILT_PRODUCTS_DIR; };
		900D1CE8281934C7007ABB12 /* IconChangerApp.swift */ = {isa = PBXFileReference; lastKnownFileType = sourcecode.swift; path = IconChangerApp.swift; sourceTree = "<group>"; };
		900D1CEA281934C7007ABB12 /* ContentView.swift */ = {isa = PBXFileReference; lastKnownFileType = sourcecode.swift; path = ContentView.swift; sourceTree = "<group>"; };
		900D1CEC281934C8007ABB12 /* Assets.xcassets */ = {isa = PBXFileReference; lastKnownFileType = folder.assetcatalog; path = Assets.xcassets; sourceTree = "<group>"; };
		900D1CEF281934C8007ABB12 /* Preview Assets.xcassets */ = {isa = PBXFileReference; lastKnownFileType = folder.assetcatalog; path = "Preview Assets.xcassets"; sourceTree = "<group>"; };
		900D1CF7281936C7007ABB12 /* FullDiskPermision.swift */ = {isa = PBXFileReference; lastKnownFileType = sourcecode.swift; path = FullDiskPermision.swift; sourceTree = "<group>"; };
		900D1CF9281938D6007ABB12 /* IconList.swift */ = {isa = PBXFileReference; lastKnownFileType = sourcecode.swift; path = IconList.swift; sourceTree = "<group>"; };
		908A78FA2819640800951B15 /* IconManager.swift */ = {isa = PBXFileReference; lastKnownFileType = sourcecode.swift; path = IconManager.swift; sourceTree = "<group>"; };
		908A79012819753E00951B15 /* String+RangeSubscript.swift */ = {isa = PBXFileReference; fileEncoding = 4; lastKnownFileType = sourcecode.swift; path = "String+RangeSubscript.swift"; sourceTree = "<group>"; };
		908A79062819839F00951B15 /* icons.json */ = {isa = PBXFileReference; fileEncoding = 4; lastKnownFileType = text.json; path = icons.json; sourceTree = "<group>"; };
		908A79082819840D00951B15 /* ChangeView.swift */ = {isa = PBXFileReference; lastKnownFileType = sourcecode.swift; path = ChangeView.swift; sourceTree = "<group>"; };
		908A790A281A128700951B15 /* Request.swift */ = {isa = PBXFileReference; lastKnownFileType = sourcecode.swift; path = Request.swift; sourceTree = "<group>"; };
		908A790C281A148000951B15 /* ImageView.swift */ = {isa = PBXFileReference; lastKnownFileType = sourcecode.swift; path = ImageView.swift; sourceTree = "<group>"; };
		908A7926281A5A4A00951B15 /* README.md */ = {isa = PBXFileReference; lastKnownFileType = net.daringfireball.markdown; path = README.md; sourceTree = "<group>"; };
		908A7929281A5AE800951B15 /* Github-Iconchanger.png */ = {isa = PBXFileReference; lastKnownFileType = image.png; path = "Github-Iconchanger.png"; sourceTree = "<group>"; };
		908A792B281A759A00951B15 /* SettingView.swift */ = {isa = PBXFileReference; lastKnownFileType = sourcecode.swift; path = SettingView.swift; sourceTree = "<group>"; };
		908A792D281A771800951B15 /* Api.png */ = {isa = PBXFileReference; lastKnownFileType = image.png; path = Api.png; sourceTree = "<group>"; };
/* End PBXFileReference section */

/* Begin PBXFrameworksBuildPhase section */
		900D1CE2281934C7007ABB12 /* Frameworks */ = {
			isa = PBXFrameworksBuildPhase;
			buildActionMask = 2147483647;
			files = (
				907A1010281A78C400FFFA0B /* SwiftyJSON in Frameworks */,
			);
			runOnlyForDeploymentPostprocessing = 0;
		};
/* End PBXFrameworksBuildPhase section */

/* Begin PBXGroup section */
		900D1CDC281934C7007ABB12 = {
			isa = PBXGroup;
			children = (
				908A7928281A5AE200951B15 /* Github */,
				908A7926281A5A4A00951B15 /* README.md */,
				900D1CE7281934C7007ABB12 /* IconChanger */,
				900D1CE6281934C7007ABB12 /* Products */,
			);
			sourceTree = "<group>";
		};
		900D1CE6281934C7007ABB12 /* Products */ = {
			isa = PBXGroup;
			children = (
				900D1CE5281934C7007ABB12 /* IconChanger.app */,
			);
			name = Products;
			sourceTree = "<group>";
		};
		900D1CE7281934C7007ABB12 /* IconChanger */ = {
			isa = PBXGroup;
			children = (
				908A790C281A148000951B15 /* ImageView.swift */,
				908A79012819753E00951B15 /* String+RangeSubscript.swift */,
				900D1CE8281934C7007ABB12 /* IconChangerApp.swift */,
				900D1CEA281934C7007ABB12 /* ContentView.swift */,
				900D1CEC281934C8007ABB12 /* Assets.xcassets */,
				900D1CEE281934C8007ABB12 /* Preview Content */,
				900D1CF7281936C7007ABB12 /* FullDiskPermision.swift */,
				900D1CF9281938D6007ABB12 /* IconList.swift */,
				908A78FA2819640800951B15 /* IconManager.swift */,
				908A79062819839F00951B15 /* icons.json */,
				908A79082819840D00951B15 /* ChangeView.swift */,
				908A790A281A128700951B15 /* Request.swift */,
				908A792B281A759A00951B15 /* SettingView.swift */,
			);
			path = IconChanger;
			sourceTree = "<group>";
		};
		900D1CEE281934C8007ABB12 /* Preview Content */ = {
			isa = PBXGroup;
			children = (
				900D1CEF281934C8007ABB12 /* Preview Assets.xcassets */,
			);
			path = "Preview Content";
			sourceTree = "<group>";
		};
		908A7928281A5AE200951B15 /* Github */ = {
			isa = PBXGroup;
			children = (
				908A792D281A771800951B15 /* Api.png */,
				908A7929281A5AE800951B15 /* Github-Iconchanger.png */,
			);
			path = Github;
			sourceTree = "<group>";
		};
/* End PBXGroup section */

/* Begin PBXNativeTarget section */
		900D1CE4281934C7007ABB12 /* IconChanger */ = {
			isa = PBXNativeTarget;
			buildConfigurationList = 900D1CF4281934C8007ABB12 /* Build configuration list for PBXNativeTarget "IconChanger" */;
			buildPhases = (
				900D1CE1281934C7007ABB12 /* Sources */,
				900D1CE2281934C7007ABB12 /* Frameworks */,
				900D1CE3281934C7007ABB12 /* Resources */,
			);
			buildRules = (
			);
			dependencies = (
			);
			name = IconChanger;
			packageProductDependencies = (
				907A100F281A78C400FFFA0B /* SwiftyJSON */,
			);
			productName = IconChanger;
			productReference = 900D1CE5281934C7007ABB12 /* IconChanger.app */;
			productType = "com.apple.product-type.application";
		};
/* End PBXNativeTarget section */

/* Begin PBXProject section */
		900D1CDD281934C7007ABB12 /* Project object */ = {
			isa = PBXProject;
			attributes = {
				BuildIndependentTargetsInParallel = 1;
				LastSwiftUpdateCheck = 1330;
				LastUpgradeCheck = 1330;
				TargetAttributes = {
					900D1CE4281934C7007ABB12 = {
						CreatedOnToolsVersion = 13.3.1;
					};
				};
			};
			buildConfigurationList = 900D1CE0281934C7007ABB12 /* Build configuration list for PBXProject "IconChanger" */;
			compatibilityVersion = "Xcode 13.0";
			developmentRegion = en;
			hasScannedForEncodings = 0;
			knownRegions = (
				en,
				Base,
			);
			mainGroup = 900D1CDC281934C7007ABB12;
			packageReferences = (
				907A100E281A78C400FFFA0B /* XCRemoteSwiftPackageReference "SwiftyJSON" */,
			);
			productRefGroup = 900D1CE6281934C7007ABB12 /* Products */;
			projectDirPath = "";
			projectRoot = "";
			targets = (
				900D1CE4281934C7007ABB12 /* IconChanger */,
			);
		};
/* End PBXProject section */

/* Begin PBXResourcesBuildPhase section */
		900D1CE3281934C7007ABB12 /* Resources */ = {
			isa = PBXResourcesBuildPhase;
			buildActionMask = 2147483647;
			files = (
				908A79072819839F00951B15 /* icons.json in Resources */,
				908A792A281A5AE800951B15 /* Github-Iconchanger.png in Resources */,
				900D1CF0281934C8007ABB12 /* Preview Assets.xcassets in Resources */,
				908A7927281A5A4A00951B15 /* README.md in Resources */,
				908A792E281A771800951B15 /* Api.png in Resources */,
				900D1CED281934C8007ABB12 /* Assets.xcassets in Resources */,
			);
			runOnlyForDeploymentPostprocessing = 0;
		};
/* End PBXResourcesBuildPhase section */

/* Begin PBXSourcesBuildPhase section */
		900D1CE1281934C7007ABB12 /* Sources */ = {
			isa = PBXSourcesBuildPhase;
			buildActionMask = 2147483647;
			files = (
				900D1CEB281934C7007ABB12 /* ContentView.swift in Sources */,
				908A792C281A759A00951B15 /* SettingView.swift in Sources */,
				908A790B281A128700951B15 /* Request.swift in Sources */,
				908A78FB2819640800951B15 /* IconManager.swift in Sources */,
				900D1CE9281934C7007ABB12 /* IconChangerApp.swift in Sources */,
				900D1CFA281938D6007ABB12 /* IconList.swift in Sources */,
				908A79022819753E00951B15 /* String+RangeSubscript.swift in Sources */,
				908A790D281A148000951B15 /* ImageView.swift in Sources */,
				900D1CF8281936C7007ABB12 /* FullDiskPermision.swift in Sources */,
				908A79092819840D00951B15 /* ChangeView.swift in Sources */,
			);
			runOnlyForDeploymentPostprocessing = 0;
		};
/* End PBXSourcesBuildPhase section */

/* Begin XCBuildConfiguration section */
		900D1CF2281934C8007ABB12 /* Debug */ = {
			isa = XCBuildConfiguration;
			buildSettings = {
				ALWAYS_SEARCH_USER_PATHS = NO;
				CLANG_ANALYZER_NONNULL = YES;
				CLANG_ANALYZER_NUMBER_OBJECT_CONVERSION = YES_AGGRESSIVE;
				CLANG_CXX_LANGUAGE_STANDARD = "gnu++17";
				CLANG_ENABLE_MODULES = YES;
				CLANG_ENABLE_OBJC_ARC = YES;
				CLANG_ENABLE_OBJC_WEAK = YES;
				CLANG_WARN_BLOCK_CAPTURE_AUTORELEASING = YES;
				CLANG_WARN_BOOL_CONVERSION = YES;
				CLANG_WARN_COMMA = YES;
				CLANG_WARN_CONSTANT_CONVERSION = YES;
				CLANG_WARN_DEPRECATED_OBJC_IMPLEMENTATIONS = YES;
				CLANG_WARN_DIRECT_OBJC_ISA_USAGE = YES_ERROR;
				CLANG_WARN_DOCUMENTATION_COMMENTS = YES;
				CLANG_WARN_EMPTY_BODY = YES;
				CLANG_WARN_ENUM_CONVERSION = YES;
				CLANG_WARN_INFINITE_RECURSION = YES;
				CLANG_WARN_INT_CONVERSION = YES;
				CLANG_WARN_NON_LITERAL_NULL_CONVERSION = YES;
				CLANG_WARN_OBJC_IMPLICIT_RETAIN_SELF = YES;
				CLANG_WARN_OBJC_LITERAL_CONVERSION = YES;
				CLANG_WARN_OBJC_ROOT_CLASS = YES_ERROR;
				CLANG_WARN_QUOTED_INCLUDE_IN_FRAMEWORK_HEADER = YES;
				CLANG_WARN_RANGE_LOOP_ANALYSIS = YES;
				CLANG_WARN_STRICT_PROTOTYPES = YES;
				CLANG_WARN_SUSPICIOUS_MOVE = YES;
				CLANG_WARN_UNGUARDED_AVAILABILITY = YES_AGGRESSIVE;
				CLANG_WARN_UNREACHABLE_CODE = YES;
				CLANG_WARN__DUPLICATE_METHOD_MATCH = YES;
				COPY_PHASE_STRIP = NO;
				DEBUG_INFORMATION_FORMAT = dwarf;
				ENABLE_STRICT_OBJC_MSGSEND = YES;
				ENABLE_TESTABILITY = YES;
				GCC_C_LANGUAGE_STANDARD = gnu11;
				GCC_DYNAMIC_NO_PIC = NO;
				GCC_NO_COMMON_BLOCKS = YES;
				GCC_OPTIMIZATION_LEVEL = 0;
				GCC_PREPROCESSOR_DEFINITIONS = (
					"DEBUG=1",
					"$(inherited)",
				);
				GCC_WARN_64_TO_32_BIT_CONVERSION = YES;
				GCC_WARN_ABOUT_RETURN_TYPE = YES_ERROR;
				GCC_WARN_UNDECLARED_SELECTOR = YES;
				GCC_WARN_UNINITIALIZED_AUTOS = YES_AGGRESSIVE;
				GCC_WARN_UNUSED_FUNCTION = YES;
				GCC_WARN_UNUSED_VARIABLE = YES;
				MACOSX_DEPLOYMENT_TARGET = 12.3;
				MTL_ENABLE_DEBUG_INFO = INCLUDE_SOURCE;
				MTL_FAST_MATH = YES;
				ONLY_ACTIVE_ARCH = YES;
				SDKROOT = macosx;
				SWIFT_ACTIVE_COMPILATION_CONDITIONS = DEBUG;
				SWIFT_OPTIMIZATION_LEVEL = "-Onone";
			};
			name = Debug;
		};
		900D1CF3281934C8007ABB12 /* Release */ = {
			isa = XCBuildConfiguration;
			buildSettings = {
				ALWAYS_SEARCH_USER_PATHS = NO;
				CLANG_ANALYZER_NONNULL = YES;
				CLANG_ANALYZER_NUMBER_OBJECT_CONVERSION = YES_AGGRESSIVE;
				CLANG_CXX_LANGUAGE_STANDARD = "gnu++17";
				CLANG_ENABLE_MODULES = YES;
				CLANG_ENABLE_OBJC_ARC = YES;
				CLANG_ENABLE_OBJC_WEAK = YES;
				CLANG_WARN_BLOCK_CAPTURE_AUTORELEASING = YES;
				CLANG_WARN_BOOL_CONVERSION = YES;
				CLANG_WARN_COMMA = YES;
				CLANG_WARN_CONSTANT_CONVERSION = YES;
				CLANG_WARN_DEPRECATED_OBJC_IMPLEMENTATIONS = YES;
				CLANG_WARN_DIRECT_OBJC_ISA_USAGE = YES_ERROR;
				CLANG_WARN_DOCUMENTATION_COMMENTS = YES;
				CLANG_WARN_EMPTY_BODY = YES;
				CLANG_WARN_ENUM_CONVERSION = YES;
				CLANG_WARN_INFINITE_RECURSION = YES;
				CLANG_WARN_INT_CONVERSION = YES;
				CLANG_WARN_NON_LITERAL_NULL_CONVERSION = YES;
				CLANG_WARN_OBJC_IMPLICIT_RETAIN_SELF = YES;
				CLANG_WARN_OBJC_LITERAL_CONVERSION = YES;
				CLANG_WARN_OBJC_ROOT_CLASS = YES_ERROR;
				CLANG_WARN_QUOTED_INCLUDE_IN_FRAMEWORK_HEADER = YES;
				CLANG_WARN_RANGE_LOOP_ANALYSIS = YES;
				CLANG_WARN_STRICT_PROTOTYPES = YES;
				CLANG_WARN_SUSPICIOUS_MOVE = YES;
				CLANG_WARN_UNGUARDED_AVAILABILITY = YES_AGGRESSIVE;
				CLANG_WARN_UNREACHABLE_CODE = YES;
				CLANG_WARN__DUPLICATE_METHOD_MATCH = YES;
				COPY_PHASE_STRIP = NO;
				DEBUG_INFORMATION_FORMAT = "dwarf-with-dsym";
				ENABLE_NS_ASSERTIONS = NO;
				ENABLE_STRICT_OBJC_MSGSEND = YES;
				GCC_C_LANGUAGE_STANDARD = gnu11;
				GCC_NO_COMMON_BLOCKS = YES;
				GCC_WARN_64_TO_32_BIT_CONVERSION = YES;
				GCC_WARN_ABOUT_RETURN_TYPE = YES_ERROR;
				GCC_WARN_UNDECLARED_SELECTOR = YES;
				GCC_WARN_UNINITIALIZED_AUTOS = YES_AGGRESSIVE;
				GCC_WARN_UNUSED_FUNCTION = YES;
				GCC_WARN_UNUSED_VARIABLE = YES;
				MACOSX_DEPLOYMENT_TARGET = 12.3;
				MTL_ENABLE_DEBUG_INFO = NO;
				MTL_FAST_MATH = YES;
				SDKROOT = macosx;
				SWIFT_COMPILATION_MODE = wholemodule;
				SWIFT_OPTIMIZATION_LEVEL = "-O";
			};
			name = Release;
		};
		900D1CF5281934C8007ABB12 /* Debug */ = {
			isa = XCBuildConfiguration;
			buildSettings = {
				ASSETCATALOG_COMPILER_APPICON_NAME = AppIcon;
				ASSETCATALOG_COMPILER_GLOBAL_ACCENT_COLOR_NAME = AccentColor;
				CODE_SIGN_ENTITLEMENTS = "";
				CODE_SIGN_IDENTITY = "Apple Development";
				CODE_SIGN_STYLE = Automatic;
				COMBINE_HIDPI_IMAGES = YES;
				CURRENT_PROJECT_VERSION = 2;
				DEVELOPMENT_ASSET_PATHS = "\"IconChanger/Preview Content\"";
				DEVELOPMENT_TEAM = 44BN78992X;
				ENABLE_HARDENED_RUNTIME = YES;
				ENABLE_PREVIEWS = YES;
				GENERATE_INFOPLIST_FILE = YES;
				INFOPLIST_KEY_LSApplicationCategoryType = "public.app-category.photography";
				INFOPLIST_KEY_NSHumanReadableCopyright = "";
				LD_RUNPATH_SEARCH_PATHS = (
					"$(inherited)",
					"@executable_path/../Frameworks",
				);
				MACOSX_DEPLOYMENT_TARGET = 12.0;
				MARKETING_VERSION = 1.1;
				PRODUCT_BUNDLE_IDENTIFIER = com.zhuhaoyu.IconChanger;
				PRODUCT_NAME = "$(TARGET_NAME)";
				PROVISIONING_PROFILE_SPECIFIER = "";
				SWIFT_EMIT_LOC_STRINGS = YES;
				SWIFT_VERSION = 5.0;
			};
			name = Debug;
		};
		900D1CF6281934C8007ABB12 /* Release */ = {
			isa = XCBuildConfiguration;
			buildSettings = {
				ASSETCATALOG_COMPILER_APPICON_NAME = AppIcon;
				ASSETCATALOG_COMPILER_GLOBAL_ACCENT_COLOR_NAME = AccentColor;
				CODE_SIGN_ENTITLEMENTS = "";
				CODE_SIGN_IDENTITY = "Apple Development";
				CODE_SIGN_STYLE = Automatic;
				COMBINE_HIDPI_IMAGES = YES;
				CURRENT_PROJECT_VERSION = 2;
				DEVELOPMENT_ASSET_PATHS = "\"IconChanger/Preview Content\"";
				DEVELOPMENT_TEAM = 44BN78992X;
				ENABLE_HARDENED_RUNTIME = YES;
				ENABLE_PREVIEWS = YES;
				GENERATE_INFOPLIST_FILE = YES;
				INFOPLIST_KEY_LSApplicationCategoryType = "public.app-category.photography";
				INFOPLIST_KEY_NSHumanReadableCopyright = "";
				LD_RUNPATH_SEARCH_PATHS = (
					"$(inherited)",
					"@executable_path/../Frameworks",
				);
				MACOSX_DEPLOYMENT_TARGET = 12.0;
				MARKETING_VERSION = 1.1;
				PRODUCT_BUNDLE_IDENTIFIER = com.zhuhaoyu.IconChanger;
				PRODUCT_NAME = "$(TARGET_NAME)";
				PROVISIONING_PROFILE_SPECIFIER = "";
				SWIFT_EMIT_LOC_STRINGS = YES;
				SWIFT_VERSION = 5.0;
			};
			name = Release;
		};
/* End XCBuildConfiguration section */

/* Begin XCConfigurationList section */
		900D1CE0281934C7007ABB12 /* Build configuration list for PBXProject "IconChanger" */ = {
			isa = XCConfigurationList;
			buildConfigurations = (
				900D1CF2281934C8007ABB12 /* Debug */,
				900D1CF3281934C8007ABB12 /* Release */,
			);
			defaultConfigurationIsVisible = 0;
			defaultConfigurationName = Release;
		};
		900D1CF4281934C8007ABB12 /* Build configuration list for PBXNativeTarget "IconChanger" */ = {
			isa = XCConfigurationList;
			buildConfigurations = (
				900D1CF5281934C8007ABB12 /* Debug */,
				900D1CF6281934C8007ABB12 /* Release */,
			);
			defaultConfigurationIsVisible = 0;
			defaultConfigurationName = Release;
		};
/* End XCConfigurationList section */

/* Begin XCRemoteSwiftPackageReference section */
		907A100E281A78C400FFFA0B /* XCRemoteSwiftPackageReference "SwiftyJSON" */ = {
			isa = XCRemoteSwiftPackageReference;
			repositoryURL = "https://github.com/SwiftyJSON/SwiftyJSON";
			requirement = {
				branch = master;
				kind = branch;
			};
		};
/* End XCRemoteSwiftPackageReference section */

/* Begin XCSwiftPackageProductDependency section */
		907A100F281A78C400FFFA0B /* SwiftyJSON */ = {
			isa = XCSwiftPackageProductDependency;
			package = 907A100E281A78C400FFFA0B /* XCRemoteSwiftPackageReference "SwiftyJSON" */;
			productName = SwiftyJSON;
		};
/* End XCSwiftPackageProductDependency section */
	};
	rootObject = 900D1CDD281934C7007ABB12 /* Project object */;
}
